PODS:
  - AFNetworking (3.1.0):
    - AFNetworking/NSURLSession (= 3.1.0)
    - AFNetworking/Reachability (= 3.1.0)
    - AFNetworking/Security (= 3.1.0)
    - AFNetworking/Serialization (= 3.1.0)
    - AFNetworking/UIKit (= 3.1.0)
  - AFNetworking/NSURLSession (3.1.0):
    - AFNetworking/Reachability
    - AFNetworking/Security
    - AFNetworking/Serialization
  - AFNetworking/Reachability (3.1.0)
  - AFNetworking/Security (3.1.0)
  - AFNetworking/Serialization (3.1.0)
  - AFNetworking/UIKit (3.1.0):
    - AFNetworking/NSURLSession
  - Alamofire (4.3.0)
  - ImageLoader (0.12.2)
  - INTULocationManager (4.2.0)
  - Kingfisher (3.6.0)
  - MBProgressHUD (1.0.0)
  - SCLAlertView (0.7.0)
  - SwiftDate (4.0.11)
  - SwiftyJSON (3.1.4)

DEPENDENCIES:
  - AFNetworking
  - Alamofire
  - ImageLoader
  - INTULocationManager
  - Kingfisher
  - MBProgressHUD
  - SCLAlertView
  - SwiftDate
  - SwiftyJSON

SPEC CHECKSUMS:
  AFNetworking: 5e0e199f73d8626b11e79750991f5d173d1f8b67
  Alamofire: 856a113053a7bc9cbe5d6367a555d773fc5cfef7
  ImageLoader: f461c9641350d0b8df39c2d3785b263f15cd63c2
  INTULocationManager: 73f8254b3d05c897c56bb13c190e5b7c648c0998
  Kingfisher: 300035f9a40634dc9b452d946c9f22250688fecd
  MBProgressHUD: 4890f671c94e8a0f3cf959aa731e9de2f036d71a
  SCLAlertView: 8a14ffc40590c619e183eed2298b854385f30be1
  SwiftDate: a36d5ce7c86bed3ed92b583ccbf15045f374ac65
  SwiftyJSON: c2842d878f95482ffceec5709abc3d05680c0220

PODFILE CHECKSUM: de8052b660ba7f77bce1b9ffc33efbfcc434ba49

COCOAPODS: 1.2.0
