// !$*UTF8*$!
{
	archiveVersion = 1;
	classes = {
	};
	objectVersion = 46;
	objects = {

/* Begin PBXBuildFile section */
		3B12DA0B1C280C8A0053F14F /* AppDelegate.swift in Sources */ = {isa = PBXBuildFile; fileRef = 3B12DA0A1C280C8A0053F14F /* AppDelegate.swift */; };
		3B12DA0D1C280C8A0053F14F /* ViewController.swift in Sources */ = {isa = PBXBuildFile; fileRef = 3B12DA0C1C280C8A0053F14F /* ViewController.swift */; };
		3B12DA101C280C8A0053F14F /* Main.storyboard in Resources */ = {isa = PBXBuildFile; fileRef = 3B12DA0E1C280C8A0053F14F /* Main.storyboard */; };
		3B12DA121C280C8A0053F14F /* Assets.xcassets in Resources */ = {isa = PBXBuildFile; fileRef = 3B12DA111C280C8A0053F14F /* Assets.xcassets */; };
		3B12DA151C280C8A0053F14F /* LaunchScreen.storyboard in Resources */ = {isa = PBXBuildFile; fileRef = 3B12DA131C280C8A0053F14F /* LaunchScreen.storyboard */; };
		3B12DA201C280C8A0053F14F /* InstarantTests.swift in Sources */ = {isa = PBXBuildFile; fileRef = 3B12DA1F1C280C8A0053F14F /* InstarantTests.swift */; };
		3B12DA2B1C280C8A0053F14F /* InstarantUITests.swift in Sources */ = {isa = PBXBuildFile; fileRef = 3B12DA2A1C280C8A0053F14F /* InstarantUITests.swift */; };
		3B12DA391C280E9A0053F14F /* Constants.swift in Sources */ = {isa = PBXBuildFile; fileRef = 3B12DA381C280E9A0053F14F /* Constants.swift */; };
		3B12DA3F1C28CA240053F14F /* FoursquareAPI.swift in Sources */ = {isa = PBXBuildFile; fileRef = 3B12DA3E1C28CA240053F14F /* FoursquareAPI.swift */; };
		3B9205891C28E36D004860F0 /* InstagramAPI.swift in Sources */ = {isa = PBXBuildFile; fileRef = 3B9205881C28E36D004860F0 /* InstagramAPI.swift */; };
		3B920C681C290989004860F0 /* InstagramKitConstants.m in Sources */ = {isa = PBXBuildFile; fileRef = 3B920C571C290989004860F0 /* InstagramKitConstants.m */; };
		3B920C691C290989004860F0 /* InstagramComment.m in Sources */ = {isa = PBXBuildFile; fileRef = 3B920C5A1C290989004860F0 /* InstagramComment.m */; };
		3B920C6A1C290989004860F0 /* InstagramLocation.m in Sources */ = {isa = PBXBuildFile; fileRef = 3B920C5C1C290989004860F0 /* InstagramLocation.m */; };
		3B920C6B1C290989004860F0 /* InstagramMedia.m in Sources */ = {isa = PBXBuildFile; fileRef = 3B920C5E1C290989004860F0 /* InstagramMedia.m */; };
		3B920C6C1C290989004860F0 /* InstagramModel.m in Sources */ = {isa = PBXBuildFile; fileRef = 3B920C601C290989004860F0 /* InstagramModel.m */; };
		3B920C6E1C290989004860F0 /* InstagramTag.m in Sources */ = {isa = PBXBuildFile; fileRef = 3B920C641C290989004860F0 /* InstagramTag.m */; };
		3B920C6F1C290989004860F0 /* InstagramUser.m in Sources */ = {isa = PBXBuildFile; fileRef = 3B920C661C290989004860F0 /* InstagramUser.m */; };
		3B920C741C292D53004860F0 /* LocationFunctions.swift in Sources */ = {isa = PBXBuildFile; fileRef = 3B920C731C292D53004860F0 /* LocationFunctions.swift */; };
		3B920C801C295B1E004860F0 /* NearbyScrollView.swift in Sources */ = {isa = PBXBuildFile; fileRef = 3B920C7F1C295B1E004860F0 /* NearbyScrollView.swift */; };
		3B920CA41C2A6F67004860F0 /* KaushanScript-Regular.ttf in Resources */ = {isa = PBXBuildFile; fileRef = 3B920CA31C2A6F67004860F0 /* KaushanScript-Regular.ttf */; };
		3B920CA61C30AD0F004860F0 /* placeModel.swift in Sources */ = {isa = PBXBuildFile; fileRef = 3B920CA51C30AD0F004860F0 /* placeModel.swift */; };
		3BDE2FED1C3B74B80033E2E6 /* WebView.swift in Sources */ = {isa = PBXBuildFile; fileRef = 3BDE2FEC1C3B74B80033E2E6 /* WebView.swift */; };
		81FC12690E0955630F8CA490 /* Pods_Instarant.framework in Frameworks */ = {isa = PBXBuildFile; fileRef = ECBD276F01D077DB03009A06 /* Pods_Instarant.framework */; };
		95015A991E42B2D5002DBEFA /* InstagramMedia.swift in Sources */ = {isa = PBXBuildFile; fileRef = 95015A971E42B2D5002DBEFA /* InstagramMedia.swift */; };
		95015A9A1E42B2D5002DBEFA /* InstagramUser.swift in Sources */ = {isa = PBXBuildFile; fileRef = 95015A981E42B2D5002DBEFA /* InstagramUser.swift */; };
		95015A9C1E42B2E9002DBEFA /* InstagramPlace.swift in Sources */ = {isa = PBXBuildFile; fileRef = 95015A9B1E42B2E9002DBEFA /* InstagramPlace.swift */; };
		95015A9E1E42C3A9002DBEFA /* EasyCall.swift in Sources */ = {isa = PBXBuildFile; fileRef = 95015A9D1E42C3A9002DBEFA /* EasyCall.swift */; };
		95015AA01E42C3DC002DBEFA /* NetworkCalls.swift in Sources */ = {isa = PBXBuildFile; fileRef = 95015A9F1E42C3DC002DBEFA /* NetworkCalls.swift */; };
		95015AA31E42C57C002DBEFA /* GlobalVars.swift in Sources */ = {isa = PBXBuildFile; fileRef = 95015AA21E42C57C002DBEFA /* GlobalVars.swift */; };
		95015AA61E42E97B002DBEFA /* UIImageView+Extensions.swift in Sources */ = {isa = PBXBuildFile; fileRef = 95015AA51E42E97B002DBEFA /* UIImageView+Extensions.swift */; };
		95015AA81E430840002DBEFA /* Utilities.swift in Sources */ = {isa = PBXBuildFile; fileRef = 95015AA71E430840002DBEFA /* Utilities.swift */; };
		950613E51EC2791E00B514FA /* MapViewController.swift in Sources */ = {isa = PBXBuildFile; fileRef = 950613E41EC2791E00B514FA /* MapViewController.swift */; };
		950613E71EC2889500B514FA /* LocationTableViewCell.swift in Sources */ = {isa = PBXBuildFile; fileRef = 950613E61EC2889500B514FA /* LocationTableViewCell.swift */; };
		95266E6A1E441D57000F2160 /* FiltersViewController.swift in Sources */ = {isa = PBXBuildFile; fileRef = 95266E691E441D57000F2160 /* FiltersViewController.swift */; };
/* End PBXBuildFile section */

/* Begin PBXContainerItemProxy section */
		3B12DA1C1C280C8A0053F14F /* PBXContainerItemProxy */ = {
			isa = PBXContainerItemProxy;
			containerPortal = 3B12D9FF1C280C8A0053F14F /* Project object */;
			proxyType = 1;
			remoteGlobalIDString = 3B12DA061C280C8A0053F14F;
			remoteInfo = Instarant;
		};
		3B12DA271C280C8A0053F14F /* PBXContainerItemProxy */ = {
			isa = PBXContainerItemProxy;
			containerPortal = 3B12D9FF1C280C8A0053F14F /* Project object */;
			proxyType = 1;
			remoteGlobalIDString = 3B12DA061C280C8A0053F14F;
			remoteInfo = Instarant;
		};
/* End PBXContainerItemProxy section */

/* Begin PBXFileReference section */
		16B6FB9406B62FAAD0532745 /* Pods-Instarant.release.xcconfig */ = {isa = PBXFileReference; includeInIndex = 1; lastKnownFileType = text.xcconfig; name = "Pods-Instarant.release.xcconfig"; path = "Pods/Target Support Files/Pods-Instarant/Pods-Instarant.release.xcconfig"; sourceTree = "<group>"; };
		33AAC1C824414C48A12C17B5 /* Pods.framework */ = {isa = PBXFileReference; explicitFileType = wrapper.framework; includeInIndex = 0; path = Pods.framework; sourceTree = BUILT_PRODUCTS_DIR; };
		3B12DA071C280C8A0053F14F /* Instarant.app */ = {isa = PBXFileReference; explicitFileType = wrapper.application; includeInIndex = 0; path = Instarant.app; sourceTree = BUILT_PRODUCTS_DIR; };
		3B12DA0A1C280C8A0053F14F /* AppDelegate.swift */ = {isa = PBXFileReference; lastKnownFileType = sourcecode.swift; path = AppDelegate.swift; sourceTree = "<group>"; };
		3B12DA0C1C280C8A0053F14F /* ViewController.swift */ = {isa = PBXFileReference; lastKnownFileType = sourcecode.swift; path = ViewController.swift; sourceTree = "<group>"; };
		3B12DA0F1C280C8A0053F14F /* Base */ = {isa = PBXFileReference; lastKnownFileType = file.storyboard; name = Base; path = Base.lproj/Main.storyboard; sourceTree = "<group>"; };
		3B12DA111C280C8A0053F14F /* Assets.xcassets */ = {isa = PBXFileReference; lastKnownFileType = folder.assetcatalog; path = Assets.xcassets; sourceTree = "<group>"; };
		3B12DA141C280C8A0053F14F /* Base */ = {isa = PBXFileReference; lastKnownFileType = file.storyboard; name = Base; path = Base.lproj/LaunchScreen.storyboard; sourceTree = "<group>"; };
		3B12DA161C280C8A0053F14F /* Info.plist */ = {isa = PBXFileReference; lastKnownFileType = text.plist.xml; path = Info.plist; sourceTree = "<group>"; };
		3B12DA1B1C280C8A0053F14F /* InstarantTests.xctest */ = {isa = PBXFileReference; explicitFileType = wrapper.cfbundle; includeInIndex = 0; path = InstarantTests.xctest; sourceTree = BUILT_PRODUCTS_DIR; };
		3B12DA1F1C280C8A0053F14F /* InstarantTests.swift */ = {isa = PBXFileReference; lastKnownFileType = sourcecode.swift; path = InstarantTests.swift; sourceTree = "<group>"; };
		3B12DA211C280C8A0053F14F /* Info.plist */ = {isa = PBXFileReference; lastKnownFileType = text.plist.xml; path = Info.plist; sourceTree = "<group>"; };
		3B12DA261C280C8A0053F14F /* InstarantUITests.xctest */ = {isa = PBXFileReference; explicitFileType = wrapper.cfbundle; includeInIndex = 0; path = InstarantUITests.xctest; sourceTree = BUILT_PRODUCTS_DIR; };
		3B12DA2A1C280C8A0053F14F /* InstarantUITests.swift */ = {isa = PBXFileReference; lastKnownFileType = sourcecode.swift; path = InstarantUITests.swift; sourceTree = "<group>"; };
		3B12DA2C1C280C8A0053F14F /* Info.plist */ = {isa = PBXFileReference; lastKnownFileType = text.plist.xml; path = Info.plist; sourceTree = "<group>"; };
		3B12DA381C280E9A0053F14F /* Constants.swift */ = {isa = PBXFileReference; fileEncoding = 4; lastKnownFileType = sourcecode.swift; path = Constants.swift; sourceTree = "<group>"; };
		3B12DA3E1C28CA240053F14F /* FoursquareAPI.swift */ = {isa = PBXFileReference; fileEncoding = 4; lastKnownFileType = sourcecode.swift; path = FoursquareAPI.swift; sourceTree = "<group>"; };
		3B9205881C28E36D004860F0 /* InstagramAPI.swift */ = {isa = PBXFileReference; fileEncoding = 4; lastKnownFileType = sourcecode.swift; path = InstagramAPI.swift; sourceTree = "<group>"; };
		3B920C551C290989004860F0 /* InstagramKit.h */ = {isa = PBXFileReference; fileEncoding = 4; lastKnownFileType = sourcecode.c.h; path = InstagramKit.h; sourceTree = "<group>"; };
		3B920C561C290989004860F0 /* InstagramKitConstants.h */ = {isa = PBXFileReference; fileEncoding = 4; lastKnownFileType = sourcecode.c.h; path = InstagramKitConstants.h; sourceTree = "<group>"; };
		3B920C571C290989004860F0 /* InstagramKitConstants.m */ = {isa = PBXFileReference; fileEncoding = 4; lastKnownFileType = sourcecode.c.objc; path = InstagramKitConstants.m; sourceTree = "<group>"; };
		3B920C591C290989004860F0 /* InstagramComment.h */ = {isa = PBXFileReference; fileEncoding = 4; lastKnownFileType = sourcecode.c.h; path = InstagramComment.h; sourceTree = "<group>"; };
		3B920C5A1C290989004860F0 /* InstagramComment.m */ = {isa = PBXFileReference; fileEncoding = 4; lastKnownFileType = sourcecode.c.objc; path = InstagramComment.m; sourceTree = "<group>"; };
		3B920C5B1C290989004860F0 /* InstagramLocation.h */ = {isa = PBXFileReference; fileEncoding = 4; lastKnownFileType = sourcecode.c.h; path = InstagramLocation.h; sourceTree = "<group>"; };
		3B920C5C1C290989004860F0 /* InstagramLocation.m */ = {isa = PBXFileReference; fileEncoding = 4; lastKnownFileType = sourcecode.c.objc; path = InstagramLocation.m; sourceTree = "<group>"; };
		3B920C5D1C290989004860F0 /* InstagramMedia.h */ = {isa = PBXFileReference; fileEncoding = 4; lastKnownFileType = sourcecode.c.h; path = InstagramMedia.h; sourceTree = "<group>"; };
		3B920C5E1C290989004860F0 /* InstagramMedia.m */ = {isa = PBXFileReference; fileEncoding = 4; lastKnownFileType = sourcecode.c.objc; path = InstagramMedia.m; sourceTree = "<group>"; };
		3B920C5F1C290989004860F0 /* InstagramModel.h */ = {isa = PBXFileReference; fileEncoding = 4; lastKnownFileType = sourcecode.c.h; path = InstagramModel.h; sourceTree = "<group>"; };
		3B920C601C290989004860F0 /* InstagramModel.m */ = {isa = PBXFileReference; fileEncoding = 4; lastKnownFileType = sourcecode.c.objc; path = InstagramModel.m; sourceTree = "<group>"; };
		3B920C631C290989004860F0 /* InstagramTag.h */ = {isa = PBXFileReference; fileEncoding = 4; lastKnownFileType = sourcecode.c.h; path = InstagramTag.h; sourceTree = "<group>"; };
		3B920C641C290989004860F0 /* InstagramTag.m */ = {isa = PBXFileReference; fileEncoding = 4; lastKnownFileType = sourcecode.c.objc; path = InstagramTag.m; sourceTree = "<group>"; };
		3B920C651C290989004860F0 /* InstagramUser.h */ = {isa = PBXFileReference; fileEncoding = 4; lastKnownFileType = sourcecode.c.h; path = InstagramUser.h; sourceTree = "<group>"; };
		3B920C661C290989004860F0 /* InstagramUser.m */ = {isa = PBXFileReference; fileEncoding = 4; lastKnownFileType = sourcecode.c.objc; path = InstagramUser.m; sourceTree = "<group>"; };
		3B920C701C290ABE004860F0 /* BridgingHeader.h */ = {isa = PBXFileReference; fileEncoding = 4; lastKnownFileType = sourcecode.c.h; path = BridgingHeader.h; sourceTree = "<group>"; };
		3B920C731C292D53004860F0 /* LocationFunctions.swift */ = {isa = PBXFileReference; fileEncoding = 4; lastKnownFileType = sourcecode.swift; path = LocationFunctions.swift; sourceTree = "<group>"; };
		3B920C7F1C295B1E004860F0 /* NearbyScrollView.swift */ = {isa = PBXFileReference; fileEncoding = 4; lastKnownFileType = sourcecode.swift; path = NearbyScrollView.swift; sourceTree = "<group>"; };
		3B920CA31C2A6F67004860F0 /* KaushanScript-Regular.ttf */ = {isa = PBXFileReference; lastKnownFileType = file; path = "KaushanScript-Regular.ttf"; sourceTree = "<group>"; };
		3B920CA51C30AD0F004860F0 /* placeModel.swift */ = {isa = PBXFileReference; fileEncoding = 4; lastKnownFileType = sourcecode.swift; path = placeModel.swift; sourceTree = "<group>"; };
		3BDE2FEC1C3B74B80033E2E6 /* WebView.swift */ = {isa = PBXFileReference; fileEncoding = 4; lastKnownFileType = sourcecode.swift; path = WebView.swift; sourceTree = "<group>"; };
		95015A971E42B2D5002DBEFA /* InstagramMedia.swift */ = {isa = PBXFileReference; fileEncoding = 4; lastKnownFileType = sourcecode.swift; path = InstagramMedia.swift; sourceTree = "<group>"; };
		95015A981E42B2D5002DBEFA /* InstagramUser.swift */ = {isa = PBXFileReference; fileEncoding = 4; lastKnownFileType = sourcecode.swift; path = InstagramUser.swift; sourceTree = "<group>"; };
		95015A9B1E42B2E9002DBEFA /* InstagramPlace.swift */ = {isa = PBXFileReference; fileEncoding = 4; lastKnownFileType = sourcecode.swift; path = InstagramPlace.swift; sourceTree = "<group>"; };
		95015A9D1E42C3A9002DBEFA /* EasyCall.swift */ = {isa = PBXFileReference; fileEncoding = 4; lastKnownFileType = sourcecode.swift; path = EasyCall.swift; sourceTree = "<group>"; };
		95015A9F1E42C3DC002DBEFA /* NetworkCalls.swift */ = {isa = PBXFileReference; fileEncoding = 4; lastKnownFileType = sourcecode.swift; path = NetworkCalls.swift; sourceTree = "<group>"; };
		95015AA21E42C57C002DBEFA /* GlobalVars.swift */ = {isa = PBXFileReference; fileEncoding = 4; lastKnownFileType = sourcecode.swift; path = GlobalVars.swift; sourceTree = "<group>"; };
		95015AA51E42E97B002DBEFA /* UIImageView+Extensions.swift */ = {isa = PBXFileReference; fileEncoding = 4; lastKnownFileType = sourcecode.swift; path = "UIImageView+Extensions.swift"; sourceTree = "<group>"; };
		95015AA71E430840002DBEFA /* Utilities.swift */ = {isa = PBXFileReference; fileEncoding = 4; lastKnownFileType = sourcecode.swift; path = Utilities.swift; sourceTree = "<group>"; };
		950613E41EC2791E00B514FA /* MapViewController.swift */ = {isa = PBXFileReference; fileEncoding = 4; lastKnownFileType = sourcecode.swift; path = MapViewController.swift; sourceTree = "<group>"; };
		950613E61EC2889500B514FA /* LocationTableViewCell.swift */ = {isa = PBXFileReference; fileEncoding = 4; lastKnownFileType = sourcecode.swift; path = LocationTableViewCell.swift; sourceTree = "<group>"; };
		95266E691E441D57000F2160 /* FiltersViewController.swift */ = {isa = PBXFileReference; fileEncoding = 4; lastKnownFileType = sourcecode.swift; path = FiltersViewController.swift; sourceTree = "<group>"; };
		DAEDDD39CCDDA561E9C6FE2E /* Pods-Instarant.debug.xcconfig */ = {isa = PBXFileReference; includeInIndex = 1; lastKnownFileType = text.xcconfig; name = "Pods-Instarant.debug.xcconfig"; path = "Pods/Target Support Files/Pods-Instarant/Pods-Instarant.debug.xcconfig"; sourceTree = "<group>"; };
		ECBD276F01D077DB03009A06 /* Pods_Instarant.framework */ = {isa = PBXFileReference; explicitFileType = wrapper.framework; includeInIndex = 0; path = Pods_Instarant.framework; sourceTree = BUILT_PRODUCTS_DIR; };
/* End PBXFileReference section */

/* Begin PBXFrameworksBuildPhase section */
		3B12DA041C280C8A0053F14F /* Frameworks */ = {
			isa = PBXFrameworksBuildPhase;
			buildActionMask = 2147483647;
			files = (
				81FC12690E0955630F8CA490 /* Pods_Instarant.framework in Frameworks */,
			);
			runOnlyForDeploymentPostprocessing = 0;
		};
		3B12DA181C280C8A0053F14F /* Frameworks */ = {
			isa = PBXFrameworksBuildPhase;
			buildActionMask = 2147483647;
			files = (
			);
			runOnlyForDeploymentPostprocessing = 0;
		};
		3B12DA231C280C8A0053F14F /* Frameworks */ = {
			isa = PBXFrameworksBuildPhase;
			buildActionMask = 2147483647;
			files = (
			);
			runOnlyForDeploymentPostprocessing = 0;
		};
/* End PBXFrameworksBuildPhase section */

/* Begin PBXGroup section */
		3B12D9FE1C280C8A0053F14F = {
			isa = PBXGroup;
			children = (
				3B920C501C2908E7004860F0 /* libs */,
				3B12DA091C280C8A0053F14F /* Instarant */,
				3B12DA1E1C280C8A0053F14F /* InstarantTests */,
				3B12DA291C280C8A0053F14F /* InstarantUITests */,
				3B12DA081C280C8A0053F14F /* Products */,
				5EEC62848A21CCBE558A2A85 /* Frameworks */,
				DA386702EB4ED243369AD6A4 /* Pods */,
			);
			sourceTree = "<group>";
		};
		3B12DA081C280C8A0053F14F /* Products */ = {
			isa = PBXGroup;
			children = (
				3B12DA071C280C8A0053F14F /* Instarant.app */,
				3B12DA1B1C280C8A0053F14F /* InstarantTests.xctest */,
				3B12DA261C280C8A0053F14F /* InstarantUITests.xctest */,
			);
			name = Products;
			sourceTree = "<group>";
		};
		3B12DA091C280C8A0053F14F /* Instarant */ = {
			isa = PBXGroup;
			children = (
				95015AA41E42E971002DBEFA /* Extensions */,
				3B920C9F1C2A6DFF004860F0 /* View Controllers */,
				3B920CA11C2A6F4A004860F0 /* Resources */,
				3B12DA401C28CB6E0053F14F /* APIs */,
				3B920CA01C2A6E24004860F0 /* Utility Functions */,
				3B920C9E1C2A6DE0004860F0 /* TestingZone */,
				3B920C751C293184004860F0 /* Model */,
				3B12DA0A1C280C8A0053F14F /* AppDelegate.swift */,
				3B12DA0E1C280C8A0053F14F /* Main.storyboard */,
				3B12DA111C280C8A0053F14F /* Assets.xcassets */,
				3B12DA131C280C8A0053F14F /* LaunchScreen.storyboard */,
				3B12DA161C280C8A0053F14F /* Info.plist */,
				3B920C701C290ABE004860F0 /* BridgingHeader.h */,
				3B12DA381C280E9A0053F14F /* Constants.swift */,
			);
			path = Instarant;
			sourceTree = "<group>";
		};
		3B12DA1E1C280C8A0053F14F /* InstarantTests */ = {
			isa = PBXGroup;
			children = (
				3B12DA1F1C280C8A0053F14F /* InstarantTests.swift */,
				3B12DA211C280C8A0053F14F /* Info.plist */,
			);
			path = InstarantTests;
			sourceTree = "<group>";
		};
		3B12DA291C280C8A0053F14F /* InstarantUITests */ = {
			isa = PBXGroup;
			children = (
				3B12DA2A1C280C8A0053F14F /* InstarantUITests.swift */,
				3B12DA2C1C280C8A0053F14F /* Info.plist */,
			);
			path = InstarantUITests;
			sourceTree = "<group>";
		};
		3B12DA401C28CB6E0053F14F /* APIs */ = {
			isa = PBXGroup;
			children = (
				3B12DA3E1C28CA240053F14F /* FoursquareAPI.swift */,
				3B9205881C28E36D004860F0 /* InstagramAPI.swift */,
			);
			name = APIs;
			sourceTree = "<group>";
		};
		3B920C501C2908E7004860F0 /* libs */ = {
			isa = PBXGroup;
			children = (
				3B920C511C290989004860F0 /* InstagramKit */,
			);
			name = libs;
			sourceTree = "<group>";
		};
		3B920C511C290989004860F0 /* InstagramKit */ = {
			isa = PBXGroup;
			children = (
				3B920C551C290989004860F0 /* InstagramKit.h */,
				3B920C561C290989004860F0 /* InstagramKitConstants.h */,
				3B920C571C290989004860F0 /* InstagramKitConstants.m */,
				3B920C581C290989004860F0 /* Models */,
			);
			path = InstagramKit;
			sourceTree = "<group>";
		};
		3B920C581C290989004860F0 /* Models */ = {
			isa = PBXGroup;
			children = (
				3B920C591C290989004860F0 /* InstagramComment.h */,
				3B920C5A1C290989004860F0 /* InstagramComment.m */,
				3B920C5B1C290989004860F0 /* InstagramLocation.h */,
				3B920C5C1C290989004860F0 /* InstagramLocation.m */,
				3B920C5D1C290989004860F0 /* InstagramMedia.h */,
				3B920C5E1C290989004860F0 /* InstagramMedia.m */,
				3B920C5F1C290989004860F0 /* InstagramModel.h */,
				3B920C601C290989004860F0 /* InstagramModel.m */,
				3B920C631C290989004860F0 /* InstagramTag.h */,
				3B920C641C290989004860F0 /* InstagramTag.m */,
				3B920C651C290989004860F0 /* InstagramUser.h */,
				3B920C661C290989004860F0 /* InstagramUser.m */,
			);
			path = Models;
			sourceTree = "<group>";
		};
		3B920C751C293184004860F0 /* Model */ = {
			isa = PBXGroup;
			children = (
				95015A971E42B2D5002DBEFA /* InstagramMedia.swift */,
				95015A981E42B2D5002DBEFA /* InstagramUser.swift */,
				3B920CA51C30AD0F004860F0 /* placeModel.swift */,
				95015A9B1E42B2E9002DBEFA /* InstagramPlace.swift */,
			);
			name = Model;
			sourceTree = "<group>";
		};
		3B920C9E1C2A6DE0004860F0 /* TestingZone */ = {
			isa = PBXGroup;
			children = (
				3B12DA0C1C280C8A0053F14F /* ViewController.swift */,
			);
			name = TestingZone;
			sourceTree = "<group>";
		};
		3B920C9F1C2A6DFF004860F0 /* View Controllers */ = {
			isa = PBXGroup;
			children = (
				3B920C7F1C295B1E004860F0 /* NearbyScrollView.swift */,
				950613E61EC2889500B514FA /* LocationTableViewCell.swift */,
				3BDE2FEC1C3B74B80033E2E6 /* WebView.swift */,
				95266E691E441D57000F2160 /* FiltersViewController.swift */,
				950613E41EC2791E00B514FA /* MapViewController.swift */,
			);
			name = "View Controllers";
			sourceTree = "<group>";
		};
		3B920CA01C2A6E24004860F0 /* Utility Functions */ = {
			isa = PBXGroup;
			children = (
				95015AA11E42C3E2002DBEFA /* From TagTrend */,
				3B920C731C292D53004860F0 /* LocationFunctions.swift */,
				95015AA71E430840002DBEFA /* Utilities.swift */,
			);
			name = "Utility Functions";
			sourceTree = "<group>";
		};
		3B920CA11C2A6F4A004860F0 /* Resources */ = {
			isa = PBXGroup;
			children = (
				3B920CA21C2A6F51004860F0 /* Fonts */,
			);
			name = Resources;
			sourceTree = "<group>";
		};
		3B920CA21C2A6F51004860F0 /* Fonts */ = {
			isa = PBXGroup;
			children = (
				3B920CA31C2A6F67004860F0 /* KaushanScript-Regular.ttf */,
			);
			name = Fonts;
			sourceTree = "<group>";
		};
		5EEC62848A21CCBE558A2A85 /* Frameworks */ = {
			isa = PBXGroup;
			children = (
				33AAC1C824414C48A12C17B5 /* Pods.framework */,
				ECBD276F01D077DB03009A06 /* Pods_Instarant.framework */,
			);
			name = Frameworks;
			sourceTree = "<group>";
		};
		95015AA11E42C3E2002DBEFA /* From TagTrend */ = {
			isa = PBXGroup;
			children = (
				95015AA21E42C57C002DBEFA /* GlobalVars.swift */,
				95015A9D1E42C3A9002DBEFA /* EasyCall.swift */,
				95015A9F1E42C3DC002DBEFA /* NetworkCalls.swift */,
			);
			name = "From TagTrend";
			sourceTree = "<group>";
		};
		95015AA41E42E971002DBEFA /* Extensions */ = {
			isa = PBXGroup;
			children = (
				95015AA51E42E97B002DBEFA /* UIImageView+Extensions.swift */,
			);
			name = Extensions;
			sourceTree = "<group>";
		};
		DA386702EB4ED243369AD6A4 /* Pods */ = {
			isa = PBXGroup;
			children = (
				DAEDDD39CCDDA561E9C6FE2E /* Pods-Instarant.debug.xcconfig */,
				16B6FB9406B62FAAD0532745 /* Pods-Instarant.release.xcconfig */,
			);
			name = Pods;
			sourceTree = "<group>";
		};
/* End PBXGroup section */

/* Begin PBXNativeTarget section */
		3B12DA061C280C8A0053F14F /* Instarant */ = {
			isa = PBXNativeTarget;
			buildConfigurationList = 3B12DA2F1C280C8A0053F14F /* Build configuration list for PBXNativeTarget "Instarant" */;
			buildPhases = (
				FD5344B7577C549642F86918 /* [CP] Check Pods Manifest.lock */,
				3B12DA031C280C8A0053F14F /* Sources */,
				3B12DA041C280C8A0053F14F /* Frameworks */,
				3B12DA051C280C8A0053F14F /* Resources */,
				1695B8A0BB32AFC5701D3A97 /* [CP] Embed Pods Frameworks */,
				2495BFAB9C0F79DC6412B83E /* [CP] Copy Pods Resources */,
			);
			buildRules = (
			);
			dependencies = (
			);
			name = Instarant;
			productName = Instarant;
			productReference = 3B12DA071C280C8A0053F14F /* Instarant.app */;
			productType = "com.apple.product-type.application";
		};
		3B12DA1A1C280C8A0053F14F /* InstarantTests */ = {
			isa = PBXNativeTarget;
			buildConfigurationList = 3B12DA321C280C8A0053F14F /* Build configuration list for PBXNativeTarget "InstarantTests" */;
			buildPhases = (
				3B12DA171C280C8A0053F14F /* Sources */,
				3B12DA181C280C8A0053F14F /* Frameworks */,
				3B12DA191C280C8A0053F14F /* Resources */,
			);
			buildRules = (
			);
			dependencies = (
				3B12DA1D1C280C8A0053F14F /* PBXTargetDependency */,
			);
			name = InstarantTests;
			productName = InstarantTests;
			productReference = 3B12DA1B1C280C8A0053F14F /* InstarantTests.xctest */;
			productType = "com.apple.product-type.bundle.unit-test";
		};
		3B12DA251C280C8A0053F14F /* InstarantUITests */ = {
			isa = PBXNativeTarget;
			buildConfigurationList = 3B12DA351C280C8A0053F14F /* Build configuration list for PBXNativeTarget "InstarantUITests" */;
			buildPhases = (
				3B12DA221C280C8A0053F14F /* Sources */,
				3B12DA231C280C8A0053F14F /* Frameworks */,
				3B12DA241C280C8A0053F14F /* Resources */,
			);
			buildRules = (
			);
			dependencies = (
				3B12DA281C280C8A0053F14F /* PBXTargetDependency */,
			);
			name = InstarantUITests;
			productName = InstarantUITests;
			productReference = 3B12DA261C280C8A0053F14F /* InstarantUITests.xctest */;
			productType = "com.apple.product-type.bundle.ui-testing";
		};
/* End PBXNativeTarget section */

/* Begin PBXProject section */
		3B12D9FF1C280C8A0053F14F /* Project object */ = {
			isa = PBXProject;
			attributes = {
				LastSwiftUpdateCheck = 0830;
				LastUpgradeCheck = 0720;
				ORGANIZATIONNAME = "Chris Dunaetz";
				TargetAttributes = {
					3B12DA061C280C8A0053F14F = {
						CreatedOnToolsVersion = 7.2;
						DevelopmentTeam = 3NH3M673PL;
						LastSwiftMigration = 0820;
					};
					3B12DA1A1C280C8A0053F14F = {
						CreatedOnToolsVersion = 7.2;
						LastSwiftMigration = 0820;
						TestTargetID = 3B12DA061C280C8A0053F14F;
					};
					3B12DA251C280C8A0053F14F = {
						CreatedOnToolsVersion = 7.2;
						LastSwiftMigration = 0820;
						TestTargetID = 3B12DA061C280C8A0053F14F;
					};
				};
			};
			buildConfigurationList = 3B12DA021C280C8A0053F14F /* Build configuration list for PBXProject "Instarant" */;
			compatibilityVersion = "Xcode 3.2";
			developmentRegion = English;
			hasScannedForEncodings = 0;
			knownRegions = (
				en,
				Base,
			);
			mainGroup = 3B12D9FE1C280C8A0053F14F;
			productRefGroup = 3B12DA081C280C8A0053F14F /* Products */;
			projectDirPath = "";
			projectRoot = "";
			targets = (
				3B12DA061C280C8A0053F14F /* Instarant */,
				3B12DA1A1C280C8A0053F14F /* InstarantTests */,
				3B12DA251C280C8A0053F14F /* InstarantUITests */,
			);
		};
/* End PBXProject section */

/* Begin PBXResourcesBuildPhase section */
		3B12DA051C280C8A0053F14F /* Resources */ = {
			isa = PBXResourcesBuildPhase;
			buildActionMask = 2147483647;
			files = (
				3B920CA41C2A6F67004860F0 /* KaushanScript-Regular.ttf in Resources */,
				3B12DA151C280C8A0053F14F /* LaunchScreen.storyboard in Resources */,
				3B12DA121C280C8A0053F14F /* Assets.xcassets in Resources */,
				3B12DA101C280C8A0053F14F /* Main.storyboard in Resources */,
			);
			runOnlyForDeploymentPostprocessing = 0;
		};
		3B12DA191C280C8A0053F14F /* Resources */ = {
			isa = PBXResourcesBuildPhase;
			buildActionMask = 2147483647;
			files = (
			);
			runOnlyForDeploymentPostprocessing = 0;
		};
		3B12DA241C280C8A0053F14F /* Resources */ = {
			isa = PBXResourcesBuildPhase;
			buildActionMask = 2147483647;
			files = (
			);
			runOnlyForDeploymentPostprocessing = 0;
		};
/* End PBXResourcesBuildPhase section */

/* Begin PBXShellScriptBuildPhase section */
		1695B8A0BB32AFC5701D3A97 /* [CP] Embed Pods Frameworks */ = {
			isa = PBXShellScriptBuildPhase;
			buildActionMask = 2147483647;
			files = (
			);
			inputPaths = (
			);
			name = "[CP] Embed Pods Frameworks";
			outputPaths = (
			);
			runOnlyForDeploymentPostprocessing = 0;
			shellPath = /bin/sh;
			shellScript = "\"${SRCROOT}/Pods/Target Support Files/Pods-Instarant/Pods-Instarant-frameworks.sh\"\n";
			showEnvVarsInLog = 0;
		};
		2495BFAB9C0F79DC6412B83E /* [CP] Copy Pods Resources */ = {
			isa = PBXShellScriptBuildPhase;
			buildActionMask = 2147483647;
			files = (
			);
			inputPaths = (
			);
			name = "[CP] Copy Pods Resources";
			outputPaths = (
			);
			runOnlyForDeploymentPostprocessing = 0;
			shellPath = /bin/sh;
			shellScript = "\"${SRCROOT}/Pods/Target Support Files/Pods-Instarant/Pods-Instarant-resources.sh\"\n";
			showEnvVarsInLog = 0;
		};
		FD5344B7577C549642F86918 /* [CP] Check Pods Manifest.lock */ = {
			isa = PBXShellScriptBuildPhase;
			buildActionMask = 2147483647;
			files = (
			);
			inputPaths = (
			);
			name = "[CP] Check Pods Manifest.lock";
			outputPaths = (
			);
			runOnlyForDeploymentPostprocessing = 0;
			shellPath = /bin/sh;
			shellScript = "diff \"${PODS_ROOT}/../Podfile.lock\" \"${PODS_ROOT}/Manifest.lock\" > /dev/null\nif [ $? != 0 ] ; then\n    # print error to STDERR\n    echo \"error: The sandbox is not in sync with the Podfile.lock. Run 'pod install' or update your CocoaPods installation.\" >&2\n    exit 1\nfi\n";
			showEnvVarsInLog = 0;
		};
/* End PBXShellScriptBuildPhase section */

/* Begin PBXSourcesBuildPhase section */
		3B12DA031C280C8A0053F14F /* Sources */ = {
			isa = PBXSourcesBuildPhase;
			buildActionMask = 2147483647;
			files = (
				3BDE2FED1C3B74B80033E2E6 /* WebView.swift in Sources */,
				950613E71EC2889500B514FA /* LocationTableViewCell.swift in Sources */,
				3B920C6F1C290989004860F0 /* InstagramUser.m in Sources */,
				95015AA61E42E97B002DBEFA /* UIImageView+Extensions.swift in Sources */,
				95015A9A1E42B2D5002DBEFA /* InstagramUser.swift in Sources */,
				3B920C6C1C290989004860F0 /* InstagramModel.m in Sources */,
				95266E6A1E441D57000F2160 /* FiltersViewController.swift in Sources */,
				95015A991E42B2D5002DBEFA /* InstagramMedia.swift in Sources */,
				3B12DA3F1C28CA240053F14F /* FoursquareAPI.swift in Sources */,
				95015A9E1E42C3A9002DBEFA /* EasyCall.swift in Sources */,
				3B9205891C28E36D004860F0 /* InstagramAPI.swift in Sources */,
				3B920C6A1C290989004860F0 /* InstagramLocation.m in Sources */,
				95015A9C1E42B2E9002DBEFA /* InstagramPlace.swift in Sources */,
				3B12DA0D1C280C8A0053F14F /* ViewController.swift in Sources */,
				95015AA81E430840002DBEFA /* Utilities.swift in Sources */,
				95015AA01E42C3DC002DBEFA /* NetworkCalls.swift in Sources */,
				3B12DA0B1C280C8A0053F14F /* AppDelegate.swift in Sources */,
				95015AA31E42C57C002DBEFA /* GlobalVars.swift in Sources */,
				3B920CA61C30AD0F004860F0 /* placeModel.swift in Sources */,
				3B920C741C292D53004860F0 /* LocationFunctions.swift in Sources */,
				3B920C681C290989004860F0 /* InstagramKitConstants.m in Sources */,
				3B920C6E1C290989004860F0 /* InstagramTag.m in Sources */,
				3B920C801C295B1E004860F0 /* NearbyScrollView.swift in Sources */,
				3B920C6B1C290989004860F0 /* InstagramMedia.m in Sources */,
				3B920C691C290989004860F0 /* InstagramComment.m in Sources */,
				3B12DA391C280E9A0053F14F /* Constants.swift in Sources */,
				950613E51EC2791E00B514FA /* MapViewController.swift in Sources */,
			);
			runOnlyForDeploymentPostprocessing = 0;
		};
		3B12DA171C280C8A0053F14F /* Sources */ = {
			isa = PBXSourcesBuildPhase;
			buildActionMask = 2147483647;
			files = (
				3B12DA201C280C8A0053F14F /* InstarantTests.swift in Sources */,
			);
			runOnlyForDeploymentPostprocessing = 0;
		};
		3B12DA221C280C8A0053F14F /* Sources */ = {
			isa = PBXSourcesBuildPhase;
			buildActionMask = 2147483647;
			files = (
				3B12DA2B1C280C8A0053F14F /* InstarantUITests.swift in Sources */,
			);
			runOnlyForDeploymentPostprocessing = 0;
		};
/* End PBXSourcesBuildPhase section */

/* Begin PBXTargetDependency section */
		3B12DA1D1C280C8A0053F14F /* PBXTargetDependency */ = {
			isa = PBXTargetDependency;
			target = 3B12DA061C280C8A0053F14F /* Instarant */;
			targetProxy = 3B12DA1C1C280C8A0053F14F /* PBXContainerItemProxy */;
		};
		3B12DA281C280C8A0053F14F /* PBXTargetDependency */ = {
			isa = PBXTargetDependency;
			target = 3B12DA061C280C8A0053F14F /* Instarant */;
			targetProxy = 3B12DA271C280C8A0053F14F /* PBXContainerItemProxy */;
		};
/* End PBXTargetDependency section */

/* Begin PBXVariantGroup section */
		3B12DA0E1C280C8A0053F14F /* Main.storyboard */ = {
			isa = PBXVariantGroup;
			children = (
				3B12DA0F1C280C8A0053F14F /* Base */,
			);
			name = Main.storyboard;
			sourceTree = "<group>";
		};
		3B12DA131C280C8A0053F14F /* LaunchScreen.storyboard */ = {
			isa = PBXVariantGroup;
			children = (
				3B12DA141C280C8A0053F14F /* Base */,
			);
			name = LaunchScreen.storyboard;
			sourceTree = "<group>";
		};
/* End PBXVariantGroup section */

/* Begin XCBuildConfiguration section */
		3B12DA2D1C280C8A0053F14F /* Debug */ = {
			isa = XCBuildConfiguration;
			buildSettings = {
				ALWAYS_SEARCH_USER_PATHS = NO;
				CLANG_CXX_LANGUAGE_STANDARD = "gnu++0x";
				CLANG_CXX_LIBRARY = "libc++";
				CLANG_ENABLE_MODULES = YES;
				CLANG_ENABLE_OBJC_ARC = YES;
				CLANG_WARN_BOOL_CONVERSION = YES;
				CLANG_WARN_CONSTANT_CONVERSION = YES;
				CLANG_WARN_DIRECT_OBJC_ISA_USAGE = YES_ERROR;
				CLANG_WARN_EMPTY_BODY = YES;
				CLANG_WARN_ENUM_CONVERSION = YES;
				CLANG_WARN_INT_CONVERSION = YES;
				CLANG_WARN_OBJC_ROOT_CLASS = YES_ERROR;
				CLANG_WARN_UNREACHABLE_CODE = YES;
				CLANG_WARN__DUPLICATE_METHOD_MATCH = YES;
				"CODE_SIGN_IDENTITY[sdk=iphoneos*]" = "iPhone Developer";
				COPY_PHASE_STRIP = NO;
				DEBUG_INFORMATION_FORMAT = dwarf;
				ENABLE_STRICT_OBJC_MSGSEND = YES;
				ENABLE_TESTABILITY = YES;
				GCC_C_LANGUAGE_STANDARD = gnu99;
				GCC_DYNAMIC_NO_PIC = NO;
				GCC_NO_COMMON_BLOCKS = YES;
				GCC_OPTIMIZATION_LEVEL = 0;
				GCC_PREPROCESSOR_DEFINITIONS = (
					"DEBUG=1",
					"$(inherited)",
				);
				GCC_WARN_64_TO_32_BIT_CONVERSION = YES;
				GCC_WARN_ABOUT_RETURN_TYPE = YES_ERROR;
				GCC_WARN_UNDECLARED_SELECTOR = YES;
				GCC_WARN_UNINITIALIZED_AUTOS = YES_AGGRESSIVE;
				GCC_WARN_UNUSED_FUNCTION = YES;
				GCC_WARN_UNUSED_VARIABLE = YES;
				IPHONEOS_DEPLOYMENT_TARGET = 9.2;
				MTL_ENABLE_DEBUG_INFO = YES;
				ONLY_ACTIVE_ARCH = YES;
				SDKROOT = iphoneos;
				SWIFT_OPTIMIZATION_LEVEL = "-Onone";
				TARGETED_DEVICE_FAMILY = "1,2";
			};
			name = Debug;
		};
		3B12DA2E1C280C8A0053F14F /* Release */ = {
			isa = XCBuildConfiguration;
			buildSettings = {
				ALWAYS_SEARCH_USER_PATHS = NO;
				CLANG_CXX_LANGUAGE_STANDARD = "gnu++0x";
				CLANG_CXX_LIBRARY = "libc++";
				CLANG_ENABLE_MODULES = YES;
				CLANG_ENABLE_OBJC_ARC = YES;
				CLANG_WARN_BOOL_CONVERSION = YES;
				CLANG_WARN_CONSTANT_CONVERSION = YES;
				CLANG_WARN_DIRECT_OBJC_ISA_USAGE = YES_ERROR;
				CLANG_WARN_EMPTY_BODY = YES;
				CLANG_WARN_ENUM_CONVERSION = YES;
				CLANG_WARN_INT_CONVERSION = YES;
				CLANG_WARN_OBJC_ROOT_CLASS = YES_ERROR;
				CLANG_WARN_UNREACHABLE_CODE = YES;
				CLANG_WARN__DUPLICATE_METHOD_MATCH = YES;
				"CODE_SIGN_IDENTITY[sdk=iphoneos*]" = "iPhone Developer";
				COPY_PHASE_STRIP = NO;
				DEBUG_INFORMATION_FORMAT = "dwarf-with-dsym";
				ENABLE_NS_ASSERTIONS = NO;
				ENABLE_STRICT_OBJC_MSGSEND = YES;
				GCC_C_LANGUAGE_STANDARD = gnu99;
				GCC_NO_COMMON_BLOCKS = YES;
				GCC_WARN_64_TO_32_BIT_CONVERSION = YES;
				GCC_WARN_ABOUT_RETURN_TYPE = YES_ERROR;
				GCC_WARN_UNDECLARED_SELECTOR = YES;
				GCC_WARN_UNINITIALIZED_AUTOS = YES_AGGRESSIVE;
				GCC_WARN_UNUSED_FUNCTION = YES;
				GCC_WARN_UNUSED_VARIABLE = YES;
				IPHONEOS_DEPLOYMENT_TARGET = 9.2;
				MTL_ENABLE_DEBUG_INFO = NO;
				SDKROOT = iphoneos;
				TARGETED_DEVICE_FAMILY = "1,2";
				VALIDATE_PRODUCT = YES;
			};
			name = Release;
		};
		3B12DA301C280C8A0053F14F /* Debug */ = {
			isa = XCBuildConfiguration;
			baseConfigurationReference = DAEDDD39CCDDA561E9C6FE2E /* Pods-Instarant.debug.xcconfig */;
			buildSettings = {
				ASSETCATALOG_COMPILER_APPICON_NAME = AppIcon;
				DEVELOPMENT_TEAM = 3NH3M673PL;
				INFOPLIST_FILE = Instarant/Info.plist;
				LD_RUNPATH_SEARCH_PATHS = "$(inherited) @executable_path/Frameworks";
				PRODUCT_BUNDLE_IDENTIFIER = com.Dunaetz.TrendEats;
				PRODUCT_NAME = "$(TARGET_NAME)";
				SWIFT_OBJC_BRIDGING_HEADER = Instarant/BridgingHeader.h;
				SWIFT_VERSION = 3.0;
			};
			name = Debug;
		};
		3B12DA311C280C8A0053F14F /* Release */ = {
			isa = XCBuildConfiguration;
			baseConfigurationReference = 16B6FB9406B62FAAD0532745 /* Pods-Instarant.release.xcconfig */;
			buildSettings = {
				ASSETCATALOG_COMPILER_APPICON_NAME = AppIcon;
				DEVELOPMENT_TEAM = 3NH3M673PL;
				INFOPLIST_FILE = Instarant/Info.plist;
				LD_RUNPATH_SEARCH_PATHS = "$(inherited) @executable_path/Frameworks";
				PRODUCT_BUNDLE_IDENTIFIER = com.Dunaetz.TrendEats;
				PRODUCT_NAME = "$(TARGET_NAME)";
				SWIFT_OBJC_BRIDGING_HEADER = Instarant/BridgingHeader.h;
				SWIFT_VERSION = 3.0;
			};
			name = Release;
		};
		3B12DA331C280C8A0053F14F /* Debug */ = {
			isa = XCBuildConfiguration;
			buildSettings = {
				BUNDLE_LOADER = "$(TEST_HOST)";
				INFOPLIST_FILE = InstarantTests/Info.plist;
				LD_RUNPATH_SEARCH_PATHS = "$(inherited) @executable_path/Frameworks @loader_path/Frameworks";
				PRODUCT_BUNDLE_IDENTIFIER = com.cdd.InstarantTests;
				PRODUCT_NAME = "$(TARGET_NAME)";
				SWIFT_VERSION = 3.0;
				TEST_HOST = "$(BUILT_PRODUCTS_DIR)/Instarant.app/Instarant";
			};
			name = Debug;
		};
		3B12DA341C280C8A0053F14F /* Release */ = {
			isa = XCBuildConfiguration;
			buildSettings = {
				BUNDLE_LOADER = "$(TEST_HOST)";
				INFOPLIST_FILE = InstarantTests/Info.plist;
				LD_RUNPATH_SEARCH_PATHS = "$(inherited) @executable_path/Frameworks @loader_path/Frameworks";
				PRODUCT_BUNDLE_IDENTIFIER = com.cdd.InstarantTests;
				PRODUCT_NAME = "$(TARGET_NAME)";
				SWIFT_VERSION = 3.0;
				TEST_HOST = "$(BUILT_PRODUCTS_DIR)/Instarant.app/Instarant";
			};
			name = Release;
		};
		3B12DA361C280C8A0053F14F /* Debug */ = {
			isa = XCBuildConfiguration;
			buildSettings = {
				INFOPLIST_FILE = InstarantUITests/Info.plist;
				LD_RUNPATH_SEARCH_PATHS = "$(inherited) @executable_path/Frameworks @loader_path/Frameworks";
				PRODUCT_BUNDLE_IDENTIFIER = com.cdd.InstarantUITests;
				PRODUCT_NAME = "$(TARGET_NAME)";
				SWIFT_VERSION = 3.0;
				TEST_TARGET_NAME = Instarant;
				USES_XCTRUNNER = YES;
			};
			name = Debug;
		};
		3B12DA371C280C8A0053F14F /* Release */ = {
			isa = XCBuildConfiguration;
			buildSettings = {
				INFOPLIST_FILE = InstarantUITests/Info.plist;
				LD_RUNPATH_SEARCH_PATHS = "$(inherited) @executable_path/Frameworks @loader_path/Frameworks";
				PRODUCT_BUNDLE_IDENTIFIER = com.cdd.InstarantUITests;
				PRODUCT_NAME = "$(TARGET_NAME)";
				SWIFT_VERSION = 3.0;
				TEST_TARGET_NAME = Instarant;
				USES_XCTRUNNER = YES;
			};
			name = Release;
		};
/* End XCBuildConfiguration section */

/* Begin XCConfigurationList section */
		3B12DA021C280C8A0053F14F /* Build configuration list for PBXProject "Instarant" */ = {
			isa = XCConfigurationList;
			buildConfigurations = (
				3B12DA2D1C280C8A0053F14F /* Debug */,
				3B12DA2E1C280C8A0053F14F /* Release */,
			);
			defaultConfigurationIsVisible = 0;
			defaultConfigurationName = Release;
		};
		3B12DA2F1C280C8A0053F14F /* Build configuration list for PBXNativeTarget "Instarant" */ = {
			isa = XCConfigurationList;
			buildConfigurations = (
				3B12DA301C280C8A0053F14F /* Debug */,
				3B12DA311C280C8A0053F14F /* Release */,
			);
			defaultConfigurationIsVisible = 0;
			defaultConfigurationName = Release;
		};
		3B12DA321C280C8A0053F14F /* Build configuration list for PBXNativeTarget "InstarantTests" */ = {
			isa = XCConfigurationList;
			buildConfigurations = (
				3B12DA331C280C8A0053F14F /* Debug */,
				3B12DA341C280C8A0053F14F /* Release */,
			);
			defaultConfigurationIsVisible = 0;
			defaultConfigurationName = Release;
		};
		3B12DA351C280C8A0053F14F /* Build configuration list for PBXNativeTarget "InstarantUITests" */ = {
			isa = XCConfigurationList;
			buildConfigurations = (
				3B12DA361C280C8A0053F14F /* Debug */,
				3B12DA371C280C8A0053F14F /* Release */,
			);
			defaultConfigurationIsVisible = 0;
			defaultConfigurationName = Release;
		};
/* End XCConfigurationList section */
	};
	rootObject = 3B12D9FF1C280C8A0053F14F /* Project object */;
}
